
Microsoft Visual Studio Solution File, Format Version 12.00
# Visual Studio Version 16
VisualStudioVersion = 16.0.29418.71
MinimumVisualStudioVersion = 10.0.40219.1
Project("{9092AA53-FB77-4645-B42D-1CCCA6BD08BD}") = "AutomileSignalRExample", "AutomileSignalRExample\AutomileSignalRExample.njsproj", "{959B439D-5624-4A30-8D52-3DF1D3F0FEA0}"
EndProject
Global
	GlobalSection(SolutionConfigurationPlatforms) = preSolution
		Debug|Any CPU = Debug|Any CPU
		Release|Any CPU = Release|Any CPU
	EndGlobalSection
	GlobalSection(ProjectConfigurationPlatforms) = postSolution
		{959B439D-5624-4A30-8D52-3DF1D3F0FEA0}.Debug|Any CPU.ActiveCfg = Debug|Any CPU
		{959B439D-5624-4A30-8D52-3DF1D3F0FEA0}.Debug|Any CPU.Build.0 = Debug|Any CPU
		{959B439D-5624-4A30-8D52-3DF1D3F0FEA0}.Release|Any CPU.ActiveCfg = Release|Any CPU
		{959B439D-5624-4A30-8D52-3DF1D3F0FEA0}.Release|Any CPU.Build.0 = Release|Any CPU
	EndGlobalSection
	GlobalSection(SolutionProperties) = preSolution
		HideSolutionNode = FALSE
	EndGlobalSection
	GlobalSection(ExtensibilityGlobals) = postSolution
		SolutionGuid = {CBFA4C35-D752-4651-BD2A-C0E237AB34DA}
	EndGlobalSection
EndGlobal
